
Microsoft Visual Studio Solution File, Format Version 12.00
# Visual Studio Version 16
VisualStudioVersion = 16.0.30011.22
MinimumVisualStudioVersion = 10.0.40219.1
Project("{9A19103F-16F7-4668-BE54-9A1E7A4F7556}") = "HttpClientService", "HttpClientService\HttpClientService.csproj", "{61A12303-59A5-4D98-9E62-C61D3FC6702C}"
EndProject
Project("{FAE04EC0-301F-11D3-BF4B-00C04F79EFBC}") = "HttpClientService.Test", "HttpClientService.Test\HttpClientService.Test.csproj", "{6F476FE7-F34A-4409-817F-8E0093B5C765}"
EndProject
Global
	GlobalSection(SolutionConfigurationPlatforms) = preSolution
		Debug|Any CPU = Debug|Any CPU
		Release|Any CPU = Release|Any CPU
	EndGlobalSection
	GlobalSection(ProjectConfigurationPlatforms) = postSolution
		{61A12303-59A5-4D98-9E62-C61D3FC6702C}.Debug|Any CPU.ActiveCfg = Debug|Any CPU
		{61A12303-59A5-4D98-9E62-C61D3FC6702C}.Debug|Any CPU.Build.0 = Debug|Any CPU
		{61A12303-59A5-4D98-9E62-C61D3FC6702C}.Release|Any CPU.ActiveCfg = Release|Any CPU
		{61A12303-59A5-4D98-9E62-C61D3FC6702C}.Release|Any CPU.Build.0 = Release|Any CPU
		{6F476FE7-F34A-4409-817F-8E0093B5C765}.Debug|Any CPU.ActiveCfg = Debug|Any CPU
		{6F476FE7-F34A-4409-817F-8E0093B5C765}.Debug|Any CPU.Build.0 = Debug|Any CPU
		{6F476FE7-F34A-4409-817F-8E0093B5C765}.Release|Any CPU.ActiveCfg = Release|Any CPU
		{6F476FE7-F34A-4409-817F-8E0093B5C765}.Release|Any CPU.Build.0 = Release|Any CPU
	EndGlobalSection
	GlobalSection(SolutionProperties) = preSolution
		HideSolutionNode = FALSE
	EndGlobalSection
	GlobalSection(ExtensibilityGlobals) = postSolution
		SolutionGuid = {87C83596-D749-4BDA-A438-7E8D1E4629C7}
	EndGlobalSection
EndGlobal
